
Microsoft Visual Studio Solution File, Format Version 12.00
# Visual Studio Version 17
VisualStudioVersion = 17.8.34330.188
MinimumVisualStudioVersion = 10.0.40219.1
Project("{D954291E-2A0B-460D-934E-DC6B0785DB48}") = "YesserEngine.Shared", "YesserEngine.Shared\YesserEngine.Shared.shproj", "{A0CDBD0E-3A41-42B7-9425-A838BC2C7383}"
EndProject
Project("{FAE04EC0-301F-11D3-BF4B-00C04F79EFBC}") = "YesserEngine.VSIX", "YesserEngine.Vsix\YesserEngine.VSIX.csproj", "{65C44E13-0AB7-42BA-A1CE-189DAA98785D}"
EndProject
Project("{FAE04EC0-301F-11D3-BF4B-00C04F79EFBC}") = "YesserEngine.TemplateProjects.UWP", "YesserEngine.TemplateProjects.UWP\YesserEngine.TemplateProjects.UWP.csproj", "{CC26955D-FFCC-4BBF-B2F3-BD0003B1C91D}"
EndProject
Project("{FAE04EC0-301F-11D3-BF4B-00C04F79EFBC}") = "YesserEngine.UWP", "YesserEngine.UWP\YesserEngine.UWP.csproj", "{6121D244-C789-473E-BE27-5AED39F62D05}"
EndProject
Global
	GlobalSection(SolutionConfigurationPlatforms) = preSolution
		Debug|Any CPU = Debug|Any CPU
		Debug|ARM = Debug|ARM
		Debug|arm64 = Debug|arm64
		Debug|x64 = Debug|x64
		Debug|x86 = Debug|x86
		Release|Any CPU = Release|Any CPU
		Release|ARM = Release|ARM
		Release|arm64 = Release|arm64
		Release|x64 = Release|x64
		Release|x86 = Release|x86
	EndGlobalSection
	GlobalSection(ProjectConfigurationPlatforms) = postSolution
		{65C44E13-0AB7-42BA-A1CE-189DAA98785D}.Debug|Any CPU.ActiveCfg = Debug|Any CPU
		{65C44E13-0AB7-42BA-A1CE-189DAA98785D}.Debug|Any CPU.Build.0 = Debug|Any CPU
		{65C44E13-0AB7-42BA-A1CE-189DAA98785D}.Debug|ARM.ActiveCfg = Debug|Any CPU
		{65C44E13-0AB7-42BA-A1CE-189DAA98785D}.Debug|ARM.Build.0 = Debug|Any CPU
		{65C44E13-0AB7-42BA-A1CE-189DAA98785D}.Debug|arm64.ActiveCfg = Debug|arm64
		{65C44E13-0AB7-42BA-A1CE-189DAA98785D}.Debug|arm64.Build.0 = Debug|arm64
		{65C44E13-0AB7-42BA-A1CE-189DAA98785D}.Debug|x64.ActiveCfg = Debug|Any CPU
		{65C44E13-0AB7-42BA-A1CE-189DAA98785D}.Debug|x64.Build.0 = Debug|Any CPU
		{65C44E13-0AB7-42BA-A1CE-189DAA98785D}.Debug|x86.ActiveCfg = Debug|x86
		{65C44E13-0AB7-42BA-A1CE-189DAA98785D}.Debug|x86.Build.0 = Debug|x86
		{65C44E13-0AB7-42BA-A1CE-189DAA98785D}.Release|Any CPU.ActiveCfg = Release|Any CPU
		{65C44E13-0AB7-42BA-A1CE-189DAA98785D}.Release|Any CPU.Build.0 = Release|Any CPU
		{65C44E13-0AB7-42BA-A1CE-189DAA98785D}.Release|ARM.ActiveCfg = Release|Any CPU
		{65C44E13-0AB7-42BA-A1CE-189DAA98785D}.Release|ARM.Build.0 = Release|Any CPU
		{65C44E13-0AB7-42BA-A1CE-189DAA98785D}.Release|arm64.ActiveCfg = Release|arm64
		{65C44E13-0AB7-42BA-A1CE-189DAA98785D}.Release|arm64.Build.0 = Release|arm64
		{65C44E13-0AB7-42BA-A1CE-189DAA98785D}.Release|x64.ActiveCfg = Release|Any CPU
		{65C44E13-0AB7-42BA-A1CE-189DAA98785D}.Release|x64.Build.0 = Release|Any CPU
		{65C44E13-0AB7-42BA-A1CE-189DAA98785D}.Release|x86.ActiveCfg = Release|x86
		{65C44E13-0AB7-42BA-A1CE-189DAA98785D}.Release|x86.Build.0 = Release|x86
		{CC26955D-FFCC-4BBF-B2F3-BD0003B1C91D}.Debug|Any CPU.ActiveCfg = Debug|x64
		{CC26955D-FFCC-4BBF-B2F3-BD0003B1C91D}.Debug|Any CPU.Build.0 = Debug|x64
		{CC26955D-FFCC-4BBF-B2F3-BD0003B1C91D}.Debug|Any CPU.Deploy.0 = Debug|x64
		{CC26955D-FFCC-4BBF-B2F3-BD0003B1C91D}.Debug|ARM.ActiveCfg = Debug|ARM
		{CC26955D-FFCC-4BBF-B2F3-BD0003B1C91D}.Debug|ARM.Build.0 = Debug|ARM
		{CC26955D-FFCC-4BBF-B2F3-BD0003B1C91D}.Debug|ARM.Deploy.0 = Debug|ARM
		{CC26955D-FFCC-4BBF-B2F3-BD0003B1C91D}.Debug|arm64.ActiveCfg = Debug|x64
		{CC26955D-FFCC-4BBF-B2F3-BD0003B1C91D}.Debug|arm64.Build.0 = Debug|x64
		{CC26955D-FFCC-4BBF-B2F3-BD0003B1C91D}.Debug|arm64.Deploy.0 = Debug|x64
		{CC26955D-FFCC-4BBF-B2F3-BD0003B1C91D}.Debug|x64.ActiveCfg = Debug|x64
		{CC26955D-FFCC-4BBF-B2F3-BD0003B1C91D}.Debug|x64.Build.0 = Debug|x64
		{CC26955D-FFCC-4BBF-B2F3-BD0003B1C91D}.Debug|x64.Deploy.0 = Debug|x64
		{CC26955D-FFCC-4BBF-B2F3-BD0003B1C91D}.Debug|x86.ActiveCfg = Debug|x86
		{CC26955D-FFCC-4BBF-B2F3-BD0003B1C91D}.Debug|x86.Build.0 = Debug|x86
		{CC26955D-FFCC-4BBF-B2F3-BD0003B1C91D}.Debug|x86.Deploy.0 = Debug|x86
		{CC26955D-FFCC-4BBF-B2F3-BD0003B1C91D}.Release|Any CPU.ActiveCfg = Release|x64
		{CC26955D-FFCC-4BBF-B2F3-BD0003B1C91D}.Release|Any CPU.Build.0 = Release|x64
		{CC26955D-FFCC-4BBF-B2F3-BD0003B1C91D}.Release|Any CPU.Deploy.0 = Release|x64
		{CC26955D-FFCC-4BBF-B2F3-BD0003B1C91D}.Release|ARM.ActiveCfg = Release|ARM
		{CC26955D-FFCC-4BBF-B2F3-BD0003B1C91D}.Release|ARM.Build.0 = Release|ARM
		{CC26955D-FFCC-4BBF-B2F3-BD0003B1C91D}.Release|ARM.Deploy.0 = Release|ARM
		{CC26955D-FFCC-4BBF-B2F3-BD0003B1C91D}.Release|arm64.ActiveCfg = Release|x64
		{CC26955D-FFCC-4BBF-B2F3-BD0003B1C91D}.Release|arm64.Build.0 = Release|x64
		{CC26955D-FFCC-4BBF-B2F3-BD0003B1C91D}.Release|arm64.Deploy.0 = Release|x64
		{CC26955D-FFCC-4BBF-B2F3-BD0003B1C91D}.Release|x64.ActiveCfg = Release|x64
		{CC26955D-FFCC-4BBF-B2F3-BD0003B1C91D}.Release|x64.Build.0 = Release|x64
		{CC26955D-FFCC-4BBF-B2F3-BD0003B1C91D}.Release|x64.Deploy.0 = Release|x64
		{CC26955D-FFCC-4BBF-B2F3-BD0003B1C91D}.Release|x86.ActiveCfg = Release|x86
		{CC26955D-FFCC-4BBF-B2F3-BD0003B1C91D}.Release|x86.Build.0 = Release|x86
		{CC26955D-FFCC-4BBF-B2F3-BD0003B1C91D}.Release|x86.Deploy.0 = Release|x86
		{6121D244-C789-473E-BE27-5AED39F62D05}.Debug|Any CPU.ActiveCfg = Debug|Any CPU
		{6121D244-C789-473E-BE27-5AED39F62D05}.Debug|Any CPU.Build.0 = Debug|Any CPU
		{6121D244-C789-473E-BE27-5AED39F62D05}.Debug|ARM.ActiveCfg = Debug|ARM
		{6121D244-C789-473E-BE27-5AED39F62D05}.Debug|ARM.Build.0 = Debug|ARM
		{6121D244-C789-473E-BE27-5AED39F62D05}.Debug|arm64.ActiveCfg = Debug|ARM64
		{6121D244-C789-473E-BE27-5AED39F62D05}.Debug|arm64.Build.0 = Debug|ARM64
		{6121D244-C789-473E-BE27-5AED39F62D05}.Debug|x64.ActiveCfg = Debug|x64
		{6121D244-C789-473E-BE27-5AED39F62D05}.Debug|x64.Build.0 = Debug|x64
		{6121D244-C789-473E-BE27-5AED39F62D05}.Debug|x86.ActiveCfg = Debug|x86
		{6121D244-C789-473E-BE27-5AED39F62D05}.Debug|x86.Build.0 = Debug|x86
		{6121D244-C789-473E-BE27-5AED39F62D05}.Release|Any CPU.ActiveCfg = Release|Any CPU
		{6121D244-C789-473E-BE27-5AED39F62D05}.Release|Any CPU.Build.0 = Release|Any CPU
		{6121D244-C789-473E-BE27-5AED39F62D05}.Release|ARM.ActiveCfg = Release|ARM
		{6121D244-C789-473E-BE27-5AED39F62D05}.Release|ARM.Build.0 = Release|ARM
		{6121D244-C789-473E-BE27-5AED39F62D05}.Release|arm64.ActiveCfg = Release|ARM64
		{6121D244-C789-473E-BE27-5AED39F62D05}.Release|arm64.Build.0 = Release|ARM64
		{6121D244-C789-473E-BE27-5AED39F62D05}.Release|x64.ActiveCfg = Release|x64
		{6121D244-C789-473E-BE27-5AED39F62D05}.Release|x64.Build.0 = Release|x64
		{6121D244-C789-473E-BE27-5AED39F62D05}.Release|x86.ActiveCfg = Release|x86
		{6121D244-C789-473E-BE27-5AED39F62D05}.Release|x86.Build.0 = Release|x86
	EndGlobalSection
	GlobalSection(SolutionProperties) = preSolution
		HideSolutionNode = FALSE
	EndGlobalSection
	GlobalSection(ExtensibilityGlobals) = postSolution
		SolutionGuid = {C2020576-107D-417A-8458-9408755E569B}
	EndGlobalSection
	GlobalSection(SharedMSBuildProjectFiles) = preSolution
		YesserEngine.Shared\YesserEngine.Shared.projitems*{a0cdbd0e-3a41-42b7-9425-a838bc2c7383}*SharedItemsImports = 13
	EndGlobalSection
EndGlobal
